// !$*UTF8*$!
{
	archiveVersion = 1;
	classes = {
	};
	objectVersion = 46;
	objects = {

/* Begin PBXBuildFile section */
		3A1E82BC1CEF34F1006B2B98 /* AppDelegate.swift in Sources */ = {isa = PBXBuildFile; fileRef = 3A1E82BB1CEF34F1006B2B98 /* AppDelegate.swift */; };
		3A1E82BE1CEF34F1006B2B98 /* ViewController.swift in Sources */ = {isa = PBXBuildFile; fileRef = 3A1E82BD1CEF34F1006B2B98 /* ViewController.swift */; };
		3A1E82C01CEF34F1006B2B98 /* Assets.xcassets in Resources */ = {isa = PBXBuildFile; fileRef = 3A1E82BF1CEF34F1006B2B98 /* Assets.xcassets */; };
		3A1E82C31CEF34F1006B2B98 /* Main.storyboard in Resources */ = {isa = PBXBuildFile; fileRef = 3A1E82C11CEF34F1006B2B98 /* Main.storyboard */; };
		3A1E82DC1CEF37C3006B2B98 /* CryptoSwift.framework in Frameworks */ = {isa = PBXBuildFile; fileRef = 3A1E82D71CEF356E006B2B98 /* CryptoSwift.framework */; };
		3A1E82DE1CEF37C3006B2B98 /* MapKit.framework in Frameworks */ = {isa = PBXBuildFile; fileRef = 3A1E82DD1CEF37C3006B2B98 /* MapKit.framework */; };
		3A507C341CEFCED700C43AF0 /* Geohasher.swift in Sources */ = {isa = PBXBuildFile; fileRef = 3A507C331CEFCED700C43AF0 /* Geohasher.swift */; };
		3A507C541CF0138F00C43AF0 /* Alamofire.framework in Frameworks */ = {isa = PBXBuildFile; fileRef = 3A507C4B1CF0138200C43AF0 /* Alamofire.framework */; };
		3A507C561CF0147900C43AF0 /* GeohashCoordinate.swift in Sources */ = {isa = PBXBuildFile; fileRef = 3A507C551CF0147900C43AF0 /* GeohashCoordinate.swift */; };
		3A507C581CF0E79B00C43AF0 /* GeohasherDelegate.swift in Sources */ = {isa = PBXBuildFile; fileRef = 3A507C571CF0E79B00C43AF0 /* GeohasherDelegate.swift */; };
/* End PBXBuildFile section */

/* Begin PBXContainerItemProxy section */
		3A1E82D21CEF356E006B2B98 /* PBXContainerItemProxy */ = {
			isa = PBXContainerItemProxy;
			containerPortal = 3A1E82CA1CEF356E006B2B98 /* CryptoSwift.xcodeproj */;
			proxyType = 2;
			remoteGlobalIDString = 754BE45519693E190098E6F3;
			remoteInfo = "CryptoSwift iOS";
		};
		3A1E82D41CEF356E006B2B98 /* PBXContainerItemProxy */ = {
			isa = PBXContainerItemProxy;
			containerPortal = 3A1E82CA1CEF356E006B2B98 /* CryptoSwift.xcodeproj */;
			proxyType = 2;
			remoteGlobalIDString = 5596BDBB1BC8F220007E38D5;
			remoteInfo = "CryptoSwift watchOS";
		};
		3A1E82D61CEF356E006B2B98 /* PBXContainerItemProxy */ = {
			isa = PBXContainerItemProxy;
			containerPortal = 3A1E82CA1CEF356E006B2B98 /* CryptoSwift.xcodeproj */;
			proxyType = 2;
			remoteGlobalIDString = 75DF77721BC8EB59006E9520;
			remoteInfo = "CryptoSwift OSX";
		};
		3A1E82D81CEF356E006B2B98 /* PBXContainerItemProxy */ = {
			isa = PBXContainerItemProxy;
			containerPortal = 3A1E82CA1CEF356E006B2B98 /* CryptoSwift.xcodeproj */;
			proxyType = 2;
			remoteGlobalIDString = 75D614BF1BD844F2001358B2;
			remoteInfo = "CryptoSwift tvOS";
		};
		3A1E82DA1CEF356E006B2B98 /* PBXContainerItemProxy */ = {
			isa = PBXContainerItemProxy;
			containerPortal = 3A1E82CA1CEF356E006B2B98 /* CryptoSwift.xcodeproj */;
			proxyType = 2;
			remoteGlobalIDString = 754BE46019693E190098E6F3;
			remoteInfo = CryptoSwiftTests;
		};
		3A507C461CF0138200C43AF0 /* PBXContainerItemProxy */ = {
			isa = PBXContainerItemProxy;
			containerPortal = 3A507C3C1CF0138200C43AF0 /* Alamofire.xcodeproj */;
			proxyType = 2;
			remoteGlobalIDString = F8111E3319A95C8B0040E7D1;
			remoteInfo = "Alamofire iOS";
		};
		3A507C481CF0138200C43AF0 /* PBXContainerItemProxy */ = {
			isa = PBXContainerItemProxy;
			containerPortal = 3A507C3C1CF0138200C43AF0 /* Alamofire.xcodeproj */;
			proxyType = 2;
			remoteGlobalIDString = F8111E3E19A95C8B0040E7D1;
			remoteInfo = "Alamofire iOS Tests";
		};
		3A507C4A1CF0138200C43AF0 /* PBXContainerItemProxy */ = {
			isa = PBXContainerItemProxy;
			containerPortal = 3A507C3C1CF0138200C43AF0 /* Alamofire.xcodeproj */;
			proxyType = 2;
			remoteGlobalIDString = 4DD67C0B1A5C55C900ED2280;
			remoteInfo = "Alamofire OSX";
		};
		3A507C4C1CF0138200C43AF0 /* PBXContainerItemProxy */ = {
			isa = PBXContainerItemProxy;
			containerPortal = 3A507C3C1CF0138200C43AF0 /* Alamofire.xcodeproj */;
			proxyType = 2;
			remoteGlobalIDString = F829C6B21A7A94F100A2CD59;
			remoteInfo = "Alamofire OSX Tests";
		};
		3A507C4E1CF0138200C43AF0 /* PBXContainerItemProxy */ = {
			isa = PBXContainerItemProxy;
			containerPortal = 3A507C3C1CF0138200C43AF0 /* Alamofire.xcodeproj */;
			proxyType = 2;
			remoteGlobalIDString = 4CF626EF1BA7CB3E0011A099;
			remoteInfo = "Alamofire tvOS";
		};
		3A507C501CF0138200C43AF0 /* PBXContainerItemProxy */ = {
			isa = PBXContainerItemProxy;
			containerPortal = 3A507C3C1CF0138200C43AF0 /* Alamofire.xcodeproj */;
			proxyType = 2;
			remoteGlobalIDString = 4CF626F81BA7CB3E0011A099;
			remoteInfo = "Alamofire tvOS Tests";
		};
		3A507C521CF0138200C43AF0 /* PBXContainerItemProxy */ = {
			isa = PBXContainerItemProxy;
			containerPortal = 3A507C3C1CF0138200C43AF0 /* Alamofire.xcodeproj */;
			proxyType = 2;
			remoteGlobalIDString = E4202FE01B667AA100C997FB;
			remoteInfo = "Alamofire watchOS";
		};
/* End PBXContainerItemProxy section */

/* Begin PBXFileReference section */
		3A1E82B81CEF34F1006B2B98 /* GeohashLocator.app */ = {isa = PBXFileReference; explicitFileType = wrapper.application; includeInIndex = 0; path = GeohashLocator.app; sourceTree = BUILT_PRODUCTS_DIR; };
		3A1E82BB1CEF34F1006B2B98 /* AppDelegate.swift */ = {isa = PBXFileReference; lastKnownFileType = sourcecode.swift; path = AppDelegate.swift; sourceTree = "<group>"; };
		3A1E82BD1CEF34F1006B2B98 /* ViewController.swift */ = {isa = PBXFileReference; lastKnownFileType = sourcecode.swift; path = ViewController.swift; sourceTree = "<group>"; };
		3A1E82BF1CEF34F1006B2B98 /* Assets.xcassets */ = {isa = PBXFileReference; lastKnownFileType = folder.assetcatalog; path = Assets.xcassets; sourceTree = "<group>"; };
		3A1E82C21CEF34F1006B2B98 /* Base */ = {isa = PBXFileReference; lastKnownFileType = file.storyboard; name = Base; path = Base.lproj/Main.storyboard; sourceTree = "<group>"; };
		3A1E82C41CEF34F1006B2B98 /* Info.plist */ = {isa = PBXFileReference; lastKnownFileType = text.plist.xml; path = Info.plist; sourceTree = "<group>"; };
		3A1E82CA1CEF356E006B2B98 /* CryptoSwift.xcodeproj */ = {isa = PBXFileReference; lastKnownFileType = "wrapper.pb-project"; name = CryptoSwift.xcodeproj; path = CryptoSwift/CryptoSwift.xcodeproj; sourceTree = "<group>"; };
		3A1E82DD1CEF37C3006B2B98 /* MapKit.framework */ = {isa = PBXFileReference; lastKnownFileType = wrapper.framework; name = MapKit.framework; path = System/Library/Frameworks/MapKit.framework; sourceTree = SDKROOT; };
		3A507C331CEFCED700C43AF0 /* Geohasher.swift */ = {isa = PBXFileReference; fileEncoding = 4; lastKnownFileType = sourcecode.swift; name = Geohasher.swift; path = Geohashing/Geohasher.swift; sourceTree = "<group>"; };
		3A507C3C1CF0138200C43AF0 /* Alamofire.xcodeproj */ = {isa = PBXFileReference; lastKnownFileType = "wrapper.pb-project"; name = Alamofire.xcodeproj; path = Alamofire/Alamofire.xcodeproj; sourceTree = "<group>"; };
		3A507C551CF0147900C43AF0 /* GeohashCoordinate.swift */ = {isa = PBXFileReference; fileEncoding = 4; lastKnownFileType = sourcecode.swift; name = GeohashCoordinate.swift; path = Geohashing/GeohashCoordinate.swift; sourceTree = "<group>"; };
		3A507C571CF0E79B00C43AF0 /* GeohasherDelegate.swift */ = {isa = PBXFileReference; fileEncoding = 4; lastKnownFileType = sourcecode.swift; name = GeohasherDelegate.swift; path = Geohashing/GeohasherDelegate.swift; sourceTree = "<group>"; };
/* End PBXFileReference section */

/* Begin PBXFrameworksBuildPhase section */
		3A1E82B51CEF34F1006B2B98 /* Frameworks */ = {
			isa = PBXFrameworksBuildPhase;
			buildActionMask = 2147483647;
			files = (
				3A507C541CF0138F00C43AF0 /* Alamofire.framework in Frameworks */,
				3A1E82DE1CEF37C3006B2B98 /* MapKit.framework in Frameworks */,
				3A1E82DC1CEF37C3006B2B98 /* CryptoSwift.framework in Frameworks */,
			);
			runOnlyForDeploymentPostprocessing = 0;
		};
/* End PBXFrameworksBuildPhase section */

/* Begin PBXGroup section */
		3A1E82AF1CEF34F1006B2B98 = {
			isa = PBXGroup;
			children = (
				3A1E82BA1CEF34F1006B2B98 /* GeohashLocator */,
				3A1E82B91CEF34F1006B2B98 /* Products */,
				3A1E82DF1CEF37D2006B2B98 /* Frameworks */,
			);
			sourceTree = "<group>";
		};
		3A1E82B91CEF34F1006B2B98 /* Products */ = {
			isa = PBXGroup;
			children = (
				3A1E82B81CEF34F1006B2B98 /* GeohashLocator.app */,
			);
			name = Products;
			sourceTree = "<group>";
		};
		3A1E82BA1CEF34F1006B2B98 /* GeohashLocator */ = {
			isa = PBXGroup;
			children = (
				3A1E82BB1CEF34F1006B2B98 /* AppDelegate.swift */,
				3A1E82BD1CEF34F1006B2B98 /* ViewController.swift */,
				3A1E82BF1CEF34F1006B2B98 /* Assets.xcassets */,
				3A1E82C11CEF34F1006B2B98 /* Main.storyboard */,
				3A1E82C41CEF34F1006B2B98 /* Info.plist */,
				3A507C351CEFCEE200C43AF0 /* Geohashing */,
			);
			path = GeohashLocator;
			sourceTree = "<group>";
		};
		3A1E82CB1CEF356E006B2B98 /* Products */ = {
			isa = PBXGroup;
			children = (
				3A1E82D31CEF356E006B2B98 /* CryptoSwift.framework */,
				3A1E82D51CEF356E006B2B98 /* CryptoSwift.framework */,
				3A1E82D71CEF356E006B2B98 /* CryptoSwift.framework */,
				3A1E82D91CEF356E006B2B98 /* CryptoSwift.framework */,
				3A1E82DB1CEF356E006B2B98 /* CryptoSwiftTests.xctest */,
			);
			name = Products;
			sourceTree = "<group>";
		};
		3A1E82DF1CEF37D2006B2B98 /* Frameworks */ = {
			isa = PBXGroup;
			children = (
				3A507C3C1CF0138200C43AF0 /* Alamofire.xcodeproj */,
				3A1E82DD1CEF37C3006B2B98 /* MapKit.framework */,
				3A1E82CA1CEF356E006B2B98 /* CryptoSwift.xcodeproj */,
			);
			name = Frameworks;
			sourceTree = "<group>";
		};
		3A507C351CEFCEE200C43AF0 /* Geohashing */ = {
			isa = PBXGroup;
			children = (
				3A507C331CEFCED700C43AF0 /* Geohasher.swift */,
				3A507C551CF0147900C43AF0 /* GeohashCoordinate.swift */,
				3A507C571CF0E79B00C43AF0 /* GeohasherDelegate.swift */,
			);
			name = Geohashing;
			sourceTree = "<group>";
		};
		3A507C3D1CF0138200C43AF0 /* Products */ = {
			isa = PBXGroup;
			children = (
				3A507C471CF0138200C43AF0 /* Alamofire.framework */,
				3A507C491CF0138200C43AF0 /* Alamofire iOS Tests.xctest */,
				3A507C4B1CF0138200C43AF0 /* Alamofire.framework */,
				3A507C4D1CF0138200C43AF0 /* Alamofire OSX Tests.xctest */,
				3A507C4F1CF0138200C43AF0 /* Alamofire.framework */,
				3A507C511CF0138200C43AF0 /* Alamofire tvOS Tests.xctest */,
				3A507C531CF0138200C43AF0 /* Alamofire.framework */,
			);
			name = Products;
			sourceTree = "<group>";
		};
/* End PBXGroup section */

/* Begin PBXNativeTarget section */
		3A1E82B71CEF34F1006B2B98 /* GeohashLocator */ = {
			isa = PBXNativeTarget;
			buildConfigurationList = 3A1E82C71CEF34F1006B2B98 /* Build configuration list for PBXNativeTarget "GeohashLocator" */;
			buildPhases = (
				3A1E82B41CEF34F1006B2B98 /* Sources */,
				3A1E82B51CEF34F1006B2B98 /* Frameworks */,
				3A1E82B61CEF34F1006B2B98 /* Resources */,
			);
			buildRules = (
			);
			dependencies = (
			);
			name = GeohashLocator;
			productName = GeohashLocator;
			productReference = 3A1E82B81CEF34F1006B2B98 /* GeohashLocator.app */;
			productType = "com.apple.product-type.application";
		};
/* End PBXNativeTarget section */

/* Begin PBXProject section */
		3A1E82B01CEF34F1006B2B98 /* Project object */ = {
			isa = PBXProject;
			attributes = {
				LastUpgradeCheck = 0700;
				ORGANIZATIONNAME = "Drew R. Hood";
				TargetAttributes = {
					3A1E82B71CEF34F1006B2B98 = {
						CreatedOnToolsVersion = 7.0.1;
					};
				};
			};
			buildConfigurationList = 3A1E82B31CEF34F1006B2B98 /* Build configuration list for PBXProject "GeohashLocator" */;
			compatibilityVersion = "Xcode 3.2";
			developmentRegion = English;
			hasScannedForEncodings = 0;
			knownRegions = (
				en,
				Base,
			);
			mainGroup = 3A1E82AF1CEF34F1006B2B98;
			productRefGroup = 3A1E82B91CEF34F1006B2B98 /* Products */;
			projectDirPath = "";
			projectReferences = (
				{
					ProductGroup = 3A507C3D1CF0138200C43AF0 /* Products */;
					ProjectRef = 3A507C3C1CF0138200C43AF0 /* Alamofire.xcodeproj */;
				},
				{
					ProductGroup = 3A1E82CB1CEF356E006B2B98 /* Products */;
					ProjectRef = 3A1E82CA1CEF356E006B2B98 /* CryptoSwift.xcodeproj */;
				},
			);
			projectRoot = "";
			targets = (
				3A1E82B71CEF34F1006B2B98 /* GeohashLocator */,
			);
		};
/* End PBXProject section */

/* Begin PBXReferenceProxy section */
		3A1E82D31CEF356E006B2B98 /* CryptoSwift.framework */ = {
			isa = PBXReferenceProxy;
			fileType = wrapper.framework;
			path = CryptoSwift.framework;
			remoteRef = 3A1E82D21CEF356E006B2B98 /* PBXContainerItemProxy */;
			sourceTree = BUILT_PRODUCTS_DIR;
		};
		3A1E82D51CEF356E006B2B98 /* CryptoSwift.framework */ = {
			isa = PBXReferenceProxy;
			fileType = wrapper.framework;
			path = CryptoSwift.framework;
			remoteRef = 3A1E82D41CEF356E006B2B98 /* PBXContainerItemProxy */;
			sourceTree = BUILT_PRODUCTS_DIR;
		};
		3A1E82D71CEF356E006B2B98 /* CryptoSwift.framework */ = {
			isa = PBXReferenceProxy;
			fileType = wrapper.framework;
			path = CryptoSwift.framework;
			remoteRef = 3A1E82D61CEF356E006B2B98 /* PBXContainerItemProxy */;
			sourceTree = BUILT_PRODUCTS_DIR;
		};
		3A1E82D91CEF356E006B2B98 /* CryptoSwift.framework */ = {
			isa = PBXReferenceProxy;
			fileType = wrapper.framework;
			path = CryptoSwift.framework;
			remoteRef = 3A1E82D81CEF356E006B2B98 /* PBXContainerItemProxy */;
			sourceTree = BUILT_PRODUCTS_DIR;
		};
		3A1E82DB1CEF356E006B2B98 /* CryptoSwiftTests.xctest */ = {
			isa = PBXReferenceProxy;
			fileType = wrapper.cfbundle;
			path = CryptoSwiftTests.xctest;
			remoteRef = 3A1E82DA1CEF356E006B2B98 /* PBXContainerItemProxy */;
			sourceTree = BUILT_PRODUCTS_DIR;
		};
		3A507C471CF0138200C43AF0 /* Alamofire.framework */ = {
			isa = PBXReferenceProxy;
			fileType = wrapper.framework;
			path = Alamofire.framework;
			remoteRef = 3A507C461CF0138200C43AF0 /* PBXContainerItemProxy */;
			sourceTree = BUILT_PRODUCTS_DIR;
		};
		3A507C491CF0138200C43AF0 /* Alamofire iOS Tests.xctest */ = {
			isa = PBXReferenceProxy;
			fileType = wrapper.cfbundle;
			path = "Alamofire iOS Tests.xctest";
			remoteRef = 3A507C481CF0138200C43AF0 /* PBXContainerItemProxy */;
			sourceTree = BUILT_PRODUCTS_DIR;
		};
		3A507C4B1CF0138200C43AF0 /* Alamofire.framework */ = {
			isa = PBXReferenceProxy;
			fileType = wrapper.framework;
			path = Alamofire.framework;
			remoteRef = 3A507C4A1CF0138200C43AF0 /* PBXContainerItemProxy */;
			sourceTree = BUILT_PRODUCTS_DIR;
		};
		3A507C4D1CF0138200C43AF0 /* Alamofire OSX Tests.xctest */ = {
			isa = PBXReferenceProxy;
			fileType = wrapper.cfbundle;
			path = "Alamofire OSX Tests.xctest";
			remoteRef = 3A507C4C1CF0138200C43AF0 /* PBXContainerItemProxy */;
			sourceTree = BUILT_PRODUCTS_DIR;
		};
		3A507C4F1CF0138200C43AF0 /* Alamofire.framework */ = {
			isa = PBXReferenceProxy;
			fileType = wrapper.framework;
			path = Alamofire.framework;
			remoteRef = 3A507C4E1CF0138200C43AF0 /* PBXContainerItemProxy */;
			sourceTree = BUILT_PRODUCTS_DIR;
		};
		3A507C511CF0138200C43AF0 /* Alamofire tvOS Tests.xctest */ = {
			isa = PBXReferenceProxy;
			fileType = wrapper.cfbundle;
			path = "Alamofire tvOS Tests.xctest";
			remoteRef = 3A507C501CF0138200C43AF0 /* PBXContainerItemProxy */;
			sourceTree = BUILT_PRODUCTS_DIR;
		};
		3A507C531CF0138200C43AF0 /* Alamofire.framework */ = {
			isa = PBXReferenceProxy;
			fileType = wrapper.framework;
			path = Alamofire.framework;
			remoteRef = 3A507C521CF0138200C43AF0 /* PBXContainerItemProxy */;
			sourceTree = BUILT_PRODUCTS_DIR;
		};
/* End PBXReferenceProxy section */

/* Begin PBXResourcesBuildPhase section */
		3A1E82B61CEF34F1006B2B98 /* Resources */ = {
			isa = PBXResourcesBuildPhase;
			buildActionMask = 2147483647;
			files = (
				3A1E82C01CEF34F1006B2B98 /* Assets.xcassets in Resources */,
				3A1E82C31CEF34F1006B2B98 /* Main.storyboard in Resources */,
			);
			runOnlyForDeploymentPostprocessing = 0;
		};
/* End PBXResourcesBuildPhase section */

/* Begin PBXSourcesBuildPhase section */
		3A1E82B41CEF34F1006B2B98 /* Sources */ = {
			isa = PBXSourcesBuildPhase;
			buildActionMask = 2147483647;
			files = (
				3A1E82BE1CEF34F1006B2B98 /* ViewController.swift in Sources */,
				3A507C561CF0147900C43AF0 /* GeohashCoordinate.swift in Sources */,
				3A507C581CF0E79B00C43AF0 /* GeohasherDelegate.swift in Sources */,
				3A1E82BC1CEF34F1006B2B98 /* AppDelegate.swift in Sources */,
				3A507C341CEFCED700C43AF0 /* Geohasher.swift in Sources */,
			);
			runOnlyForDeploymentPostprocessing = 0;
		};
/* End PBXSourcesBuildPhase section */

/* Begin PBXVariantGroup section */
		3A1E82C11CEF34F1006B2B98 /* Main.storyboard */ = {
			isa = PBXVariantGroup;
			children = (
				3A1E82C21CEF34F1006B2B98 /* Base */,
			);
			name = Main.storyboard;
			sourceTree = "<group>";
		};
/* End PBXVariantGroup section */

/* Begin XCBuildConfiguration section */
		3A1E82C51CEF34F1006B2B98 /* Debug */ = {
			isa = XCBuildConfiguration;
			buildSettings = {
				ALWAYS_SEARCH_USER_PATHS = NO;
				CLANG_CXX_LANGUAGE_STANDARD = "gnu++0x";
				CLANG_CXX_LIBRARY = "libc++";
				CLANG_ENABLE_MODULES = YES;
				CLANG_ENABLE_OBJC_ARC = YES;
				CLANG_WARN_BOOL_CONVERSION = YES;
				CLANG_WARN_CONSTANT_CONVERSION = YES;
				CLANG_WARN_DIRECT_OBJC_ISA_USAGE = YES_ERROR;
				CLANG_WARN_EMPTY_BODY = YES;
				CLANG_WARN_ENUM_CONVERSION = YES;
				CLANG_WARN_INT_CONVERSION = YES;
				CLANG_WARN_OBJC_ROOT_CLASS = YES_ERROR;
				CLANG_WARN_UNREACHABLE_CODE = YES;
				CLANG_WARN__DUPLICATE_METHOD_MATCH = YES;
				CODE_SIGN_IDENTITY = "-";
				COPY_PHASE_STRIP = NO;
				DEBUG_INFORMATION_FORMAT = dwarf;
				ENABLE_STRICT_OBJC_MSGSEND = YES;
				ENABLE_TESTABILITY = YES;
				GCC_C_LANGUAGE_STANDARD = gnu99;
				GCC_DYNAMIC_NO_PIC = NO;
				GCC_NO_COMMON_BLOCKS = YES;
				GCC_OPTIMIZATION_LEVEL = 0;
				GCC_PREPROCESSOR_DEFINITIONS = (
					"DEBUG=1",
					"$(inherited)",
				);
				GCC_WARN_64_TO_32_BIT_CONVERSION = YES;
				GCC_WARN_ABOUT_RETURN_TYPE = YES_ERROR;
				GCC_WARN_UNDECLARED_SELECTOR = YES;
				GCC_WARN_UNINITIALIZED_AUTOS = YES_AGGRESSIVE;
				GCC_WARN_UNUSED_FUNCTION = YES;
				GCC_WARN_UNUSED_VARIABLE = YES;
				MACOSX_DEPLOYMENT_TARGET = 10.11;
				MTL_ENABLE_DEBUG_INFO = YES;
				ONLY_ACTIVE_ARCH = YES;
				SDKROOT = macosx;
				SWIFT_OPTIMIZATION_LEVEL = "-Onone";
			};
			name = Debug;
		};
		3A1E82C61CEF34F1006B2B98 /* Release */ = {
			isa = XCBuildConfiguration;
			buildSettings = {
				ALWAYS_SEARCH_USER_PATHS = NO;
				CLANG_CXX_LANGUAGE_STANDARD = "gnu++0x";
				CLANG_CXX_LIBRARY = "libc++";
				CLANG_ENABLE_MODULES = YES;
				CLANG_ENABLE_OBJC_ARC = YES;
				CLANG_WARN_BOOL_CONVERSION = YES;
				CLANG_WARN_CONSTANT_CONVERSION = YES;
				CLANG_WARN_DIRECT_OBJC_ISA_USAGE = YES_ERROR;
				CLANG_WARN_EMPTY_BODY = YES;
				CLANG_WARN_ENUM_CONVERSION = YES;
				CLANG_WARN_INT_CONVERSION = YES;
				CLANG_WARN_OBJC_ROOT_CLASS = YES_ERROR;
				CLANG_WARN_UNREACHABLE_CODE = YES;
				CLANG_WARN__DUPLICATE_METHOD_MATCH = YES;
				CODE_SIGN_IDENTITY = "-";
				COPY_PHASE_STRIP = NO;
				DEBUG_INFORMATION_FORMAT = "dwarf-with-dsym";
				ENABLE_NS_ASSERTIONS = NO;
				ENABLE_STRICT_OBJC_MSGSEND = YES;
				GCC_C_LANGUAGE_STANDARD = gnu99;
				GCC_NO_COMMON_BLOCKS = YES;
				GCC_WARN_64_TO_32_BIT_CONVERSION = YES;
				GCC_WARN_ABOUT_RETURN_TYPE = YES_ERROR;
				GCC_WARN_UNDECLARED_SELECTOR = YES;
				GCC_WARN_UNINITIALIZED_AUTOS = YES_AGGRESSIVE;
				GCC_WARN_UNUSED_FUNCTION = YES;
				GCC_WARN_UNUSED_VARIABLE = YES;
				MACOSX_DEPLOYMENT_TARGET = 10.11;
				MTL_ENABLE_DEBUG_INFO = NO;
				SDKROOT = macosx;
			};
			name = Release;
		};
		3A1E82C81CEF34F1006B2B98 /* Debug */ = {
			isa = XCBuildConfiguration;
			buildSettings = {
				ASSETCATALOG_COMPILER_APPICON_NAME = AppIcon;
				COMBINE_HIDPI_IMAGES = YES;
				INFOPLIST_FILE = GeohashLocator/Info.plist;
				LD_RUNPATH_SEARCH_PATHS = "$(inherited) @executable_path/../Frameworks";
				PRODUCT_BUNDLE_IDENTIFIER = me.drewrhood.GeohashLocator;
				PRODUCT_NAME = "$(TARGET_NAME)";
			};
			name = Debug;
		};
		3A1E82C91CEF34F1006B2B98 /* Release */ = {
			isa = XCBuildConfiguration;
			buildSettings = {
				ASSETCATALOG_COMPILER_APPICON_NAME = AppIcon;
				COMBINE_HIDPI_IMAGES = YES;
				INFOPLIST_FILE = GeohashLocator/Info.plist;
				LD_RUNPATH_SEARCH_PATHS = "$(inherited) @executable_path/../Frameworks";
				PRODUCT_BUNDLE_IDENTIFIER = me.drewrhood.GeohashLocator;
				PRODUCT_NAME = "$(TARGET_NAME)";
			};
			name = Release;
		};
/* End XCBuildConfiguration section */

/* Begin XCConfigurationList section */
		3A1E82B31CEF34F1006B2B98 /* Build configuration list for PBXProject "GeohashLocator" */ = {
			isa = XCConfigurationList;
			buildConfigurations = (
				3A1E82C51CEF34F1006B2B98 /* Debug */,
				3A1E82C61CEF34F1006B2B98 /* Release */,
			);
			defaultConfigurationIsVisible = 0;
			defaultConfigurationName = Release;
		};
		3A1E82C71CEF34F1006B2B98 /* Build configuration list for PBXNativeTarget "GeohashLocator" */ = {
			isa = XCConfigurationList;
			buildConfigurations = (
				3A1E82C81CEF34F1006B2B98 /* Debug */,
				3A1E82C91CEF34F1006B2B98 /* Release */,
			);
			defaultConfigurationIsVisible = 0;
			defaultConfigurationName = Release;
		};
/* End XCConfigurationList section */
	};
	rootObject = 3A1E82B01CEF34F1006B2B98 /* Project object */;
}
